
Microsoft Visual Studio Solution File, Format Version 12.00
# Visual Studio Version 16
VisualStudioVersion = 16.0.30804.86
MinimumVisualStudioVersion = 10.0.40219.1
Project("{FAE04EC0-301F-11D3-BF4B-00C04F79EFBC}") = "DataGridWPF", "DataGridWPF\DataGridWPF.csproj", "{974FD260-E255-4136-B6F5-7CED74539EB4}"
EndProject
Global
	GlobalSection(SolutionConfigurationPlatforms) = preSolution
		Debug|Any CPU = Debug|Any CPU
		Release|Any CPU = Release|Any CPU
	EndGlobalSection
	GlobalSection(ProjectConfigurationPlatforms) = postSolution
		{974FD260-E255-4136-B6F5-7CED74539EB4}.Debug|Any CPU.ActiveCfg = Debug|Any CPU
		{974FD260-E255-4136-B6F5-7CED74539EB4}.Debug|Any CPU.Build.0 = Debug|Any CPU
		{974FD260-E255-4136-B6F5-7CED74539EB4}.Release|Any CPU.ActiveCfg = Release|Any CPU
		{974FD260-E255-4136-B6F5-7CED74539EB4}.Release|Any CPU.Build.0 = Release|Any CPU
	EndGlobalSection
	GlobalSection(SolutionProperties) = preSolution
		HideSolutionNode = FALSE
	EndGlobalSection
	GlobalSection(ExtensibilityGlobals) = postSolution
		SolutionGuid = {8802308E-EFAC-481C-BC01-6FC7BDEB9221}
	EndGlobalSection
EndGlobal
